// !$*UTF8*$!
{
	archiveVersion = 1;
	classes = {
	};
	objectVersion = 56;
	objects = {

/* Begin PBXBuildFile section */
		462B7A872C78C081003514FE /* Date.swift in Sources */ = {isa = PBXBuildFile; fileRef = 462B7A862C78C081003514FE /* Date.swift */; };
		462B7A8B2C78DB7B003514FE /* ActiveNowViewModel.swift in Sources */ = {isa = PBXBuildFile; fileRef = 462B7A8A2C78DB7B003514FE /* ActiveNowViewModel.swift */; };
		462B7A8E2C78EFD8003514FE /* Route.swift in Sources */ = {isa = PBXBuildFile; fileRef = 462B7A8D2C78EFD8003514FE /* Route.swift */; };
		464AE4782C74B3D0007C9E19 /* Message.swift in Sources */ = {isa = PBXBuildFile; fileRef = 464AE4772C74B3D0007C9E19 /* Message.swift */; };
		464AE47A2C74BB52007C9E19 /* MessageService.swift in Sources */ = {isa = PBXBuildFile; fileRef = 464AE4792C74BB51007C9E19 /* MessageService.swift */; };
		464AE47E2C74CDFC007C9E19 /* ChatViewModel.swift in Sources */ = {isa = PBXBuildFile; fileRef = 464AE47D2C74CDFC007C9E19 /* ChatViewModel.swift */; };
		464AE4812C75FFA4007C9E19 /* ChatService.swift in Sources */ = {isa = PBXBuildFile; fileRef = 464AE4802C75FFA4007C9E19 /* ChatService.swift */; };
		464AE4842C760467007C9E19 /* Constants.swift in Sources */ = {isa = PBXBuildFile; fileRef = 464AE4832C760467007C9E19 /* Constants.swift */; };
		464AE4872C77369A007C9E19 /* InboxService.swift in Sources */ = {isa = PBXBuildFile; fileRef = 464AE4862C77369A007C9E19 /* InboxService.swift */; };
		465F35232C6A0A88000450CD /* ProfileViewModel.swift in Sources */ = {isa = PBXBuildFile; fileRef = 465F35222C6A0A88000450CD /* ProfileViewModel.swift */; };
		465F35252C6A2114000450CD /* User.swift in Sources */ = {isa = PBXBuildFile; fileRef = 465F35242C6A2114000450CD /* User.swift */; };
		465F352A2C6A4F7C000450CD /* CircularProfileImageView.swift in Sources */ = {isa = PBXBuildFile; fileRef = 465F35292C6A4F7C000450CD /* CircularProfileImageView.swift */; };
		465F352D2C6B53C4000450CD /* ChatView.swift in Sources */ = {isa = PBXBuildFile; fileRef = 465F352C2C6B53C4000450CD /* ChatView.swift */; };
		465F352F2C6B93FC000450CD /* ChatMessageCell.swift in Sources */ = {isa = PBXBuildFile; fileRef = 465F352E2C6B93FC000450CD /* ChatMessageCell.swift */; };
		465F35312C6B9EE7000450CD /* MessageBubble.swift in Sources */ = {isa = PBXBuildFile; fileRef = 465F35302C6B9EE7000450CD /* MessageBubble.swift */; };
		465F35332C6BE0C9000450CD /* GoogleService-Info.plist in Resources */ = {isa = PBXBuildFile; fileRef = 465F35322C6BE0C9000450CD /* GoogleService-Info.plist */; };
		466425662C6379830004F22B /* MessangerSwiftUIApp.swift in Sources */ = {isa = PBXBuildFile; fileRef = 466425652C6379830004F22B /* MessangerSwiftUIApp.swift */; };
		466425682C6379830004F22B /* ContentView.swift in Sources */ = {isa = PBXBuildFile; fileRef = 466425672C6379830004F22B /* ContentView.swift */; };
		4664256A2C6379840004F22B /* Assets.xcassets in Resources */ = {isa = PBXBuildFile; fileRef = 466425692C6379840004F22B /* Assets.xcassets */; };
		4664256D2C6379840004F22B /* Preview Assets.xcassets in Resources */ = {isa = PBXBuildFile; fileRef = 4664256C2C6379840004F22B /* Preview Assets.xcassets */; };
		4664257C2C637A7C0004F22B /* LoginView.swift in Sources */ = {isa = PBXBuildFile; fileRef = 4664257B2C637A7C0004F22B /* LoginView.swift */; };
		4664257E2C63AD7E0004F22B /* Extensions.swift in Sources */ = {isa = PBXBuildFile; fileRef = 4664257D2C63AD7E0004F22B /* Extensions.swift */; };
		466425802C64BC1F0004F22B /* SignUpView.swift in Sources */ = {isa = PBXBuildFile; fileRef = 4664257F2C64BC1F0004F22B /* SignUpView.swift */; };
		466425832C6512370004F22B /* InboxView.swift in Sources */ = {isa = PBXBuildFile; fileRef = 466425822C6512370004F22B /* InboxView.swift */; };
		466425862C6515B30004F22B /* ActiveNowView.swift in Sources */ = {isa = PBXBuildFile; fileRef = 466425852C6515B30004F22B /* ActiveNowView.swift */; };
		466425882C6522530004F22B /* InboxRowView.swift in Sources */ = {isa = PBXBuildFile; fileRef = 466425872C6522530004F22B /* InboxRowView.swift */; };
		4664258B2C6631DF0004F22B /* NewMessageView.swift in Sources */ = {isa = PBXBuildFile; fileRef = 4664258A2C6631DF0004F22B /* NewMessageView.swift */; };
		466425902C665CE70004F22B /* ProfileView.swift in Sources */ = {isa = PBXBuildFile; fileRef = 4664258F2C665CE70004F22B /* ProfileView.swift */; };
		466425922C6669490004F22B /* SettingsOptionsViewModel.swift in Sources */ = {isa = PBXBuildFile; fileRef = 466425912C6669490004F22B /* SettingsOptionsViewModel.swift */; };
		46BF66CC2C6BE2CF009FF665 /* FirebaseAuth in Frameworks */ = {isa = PBXBuildFile; productRef = 46BF66CB2C6BE2CF009FF665 /* FirebaseAuth */; };
		46BF66CE2C6BE2CF009FF665 /* FirebaseFirestore in Frameworks */ = {isa = PBXBuildFile; productRef = 46BF66CD2C6BE2CF009FF665 /* FirebaseFirestore */; };
		46BF66D02C6BE2CF009FF665 /* FirebaseStorage in Frameworks */ = {isa = PBXBuildFile; productRef = 46BF66CF2C6BE2CF009FF665 /* FirebaseStorage */; };
		46BF66D42C6BE5C8009FF665 /* LoginViewModel.swift in Sources */ = {isa = PBXBuildFile; fileRef = 46BF66D32C6BE5C8009FF665 /* LoginViewModel.swift */; };
		46BF66D62C6BE633009FF665 /* RegisrationViewModel.swift in Sources */ = {isa = PBXBuildFile; fileRef = 46BF66D52C6BE633009FF665 /* RegisrationViewModel.swift */; };
		46BF66D82C6BE656009FF665 /* AuthService.swift in Sources */ = {isa = PBXBuildFile; fileRef = 46BF66D72C6BE656009FF665 /* AuthService.swift */; };
		46BF66DC2C6CD4CE009FF665 /* ContentViewModel.swift in Sources */ = {isa = PBXBuildFile; fileRef = 46BF66DB2C6CD4CE009FF665 /* ContentViewModel.swift */; };
		46BF716E2C6E27FC007E3A34 /* UserService.swift in Sources */ = {isa = PBXBuildFile; fileRef = 46BF716D2C6E27FC007E3A34 /* UserService.swift */; };
		46BF71722C6E373D007E3A34 /* InboxViewModel.swift in Sources */ = {isa = PBXBuildFile; fileRef = 46BF71712C6E373D007E3A34 /* InboxViewModel.swift */; };
		46BF71762C6E591E007E3A34 /* NewMessageViewModel.swift in Sources */ = {isa = PBXBuildFile; fileRef = 46BF71752C6E591E007E3A34 /* NewMessageViewModel.swift */; };
/* End PBXBuildFile section */

/* Begin PBXFileReference section */
		462B7A862C78C081003514FE /* Date.swift */ = {isa = PBXFileReference; lastKnownFileType = sourcecode.swift; path = Date.swift; sourceTree = "<group>"; };
		462B7A8A2C78DB7B003514FE /* ActiveNowViewModel.swift */ = {isa = PBXFileReference; lastKnownFileType = sourcecode.swift; path = ActiveNowViewModel.swift; sourceTree = "<group>"; };
		462B7A8D2C78EFD8003514FE /* Route.swift */ = {isa = PBXFileReference; lastKnownFileType = sourcecode.swift; path = Route.swift; sourceTree = "<group>"; };
		464AE4772C74B3D0007C9E19 /* Message.swift */ = {isa = PBXFileReference; lastKnownFileType = sourcecode.swift; path = Message.swift; sourceTree = "<group>"; };
		464AE4792C74BB51007C9E19 /* MessageService.swift */ = {isa = PBXFileReference; lastKnownFileType = sourcecode.swift; path = MessageService.swift; sourceTree = "<group>"; };
		464AE47D2C74CDFC007C9E19 /* ChatViewModel.swift */ = {isa = PBXFileReference; lastKnownFileType = sourcecode.swift; path = ChatViewModel.swift; sourceTree = "<group>"; };
		464AE4802C75FFA4007C9E19 /* ChatService.swift */ = {isa = PBXFileReference; lastKnownFileType = sourcecode.swift; path = ChatService.swift; sourceTree = "<group>"; };
		464AE4832C760467007C9E19 /* Constants.swift */ = {isa = PBXFileReference; lastKnownFileType = sourcecode.swift; path = Constants.swift; sourceTree = "<group>"; };
		464AE4862C77369A007C9E19 /* InboxService.swift */ = {isa = PBXFileReference; lastKnownFileType = sourcecode.swift; path = InboxService.swift; sourceTree = "<group>"; };
		465F35222C6A0A88000450CD /* ProfileViewModel.swift */ = {isa = PBXFileReference; lastKnownFileType = sourcecode.swift; path = ProfileViewModel.swift; sourceTree = "<group>"; };
		465F35242C6A2114000450CD /* User.swift */ = {isa = PBXFileReference; lastKnownFileType = sourcecode.swift; path = User.swift; sourceTree = "<group>"; };
		465F35292C6A4F7C000450CD /* CircularProfileImageView.swift */ = {isa = PBXFileReference; lastKnownFileType = sourcecode.swift; path = CircularProfileImageView.swift; sourceTree = "<group>"; };
		465F352C2C6B53C4000450CD /* ChatView.swift */ = {isa = PBXFileReference; lastKnownFileType = sourcecode.swift; path = ChatView.swift; sourceTree = "<group>"; };
		465F352E2C6B93FC000450CD /* ChatMessageCell.swift */ = {isa = PBXFileReference; lastKnownFileType = sourcecode.swift; path = ChatMessageCell.swift; sourceTree = "<group>"; };
		465F35302C6B9EE7000450CD /* MessageBubble.swift */ = {isa = PBXFileReference; lastKnownFileType = sourcecode.swift; path = MessageBubble.swift; sourceTree = "<group>"; };
		465F35322C6BE0C9000450CD /* GoogleService-Info.plist */ = {isa = PBXFileReference; fileEncoding = 4; lastKnownFileType = text.plist.xml; path = "GoogleService-Info.plist"; sourceTree = "<group>"; };
		466425622C6379830004F22B /* MessangerSwiftUI.app */ = {isa = PBXFileReference; explicitFileType = wrapper.application; includeInIndex = 0; path = MessangerSwiftUI.app; sourceTree = BUILT_PRODUCTS_DIR; };
		466425652C6379830004F22B /* MessangerSwiftUIApp.swift */ = {isa = PBXFileReference; lastKnownFileType = sourcecode.swift; path = MessangerSwiftUIApp.swift; sourceTree = "<group>"; };
		466425672C6379830004F22B /* ContentView.swift */ = {isa = PBXFileReference; lastKnownFileType = sourcecode.swift; path = ContentView.swift; sourceTree = "<group>"; };
		466425692C6379840004F22B /* Assets.xcassets */ = {isa = PBXFileReference; lastKnownFileType = folder.assetcatalog; path = Assets.xcassets; sourceTree = "<group>"; };
		4664256C2C6379840004F22B /* Preview Assets.xcassets */ = {isa = PBXFileReference; lastKnownFileType = folder.assetcatalog; path = "Preview Assets.xcassets"; sourceTree = "<group>"; };
		4664257B2C637A7C0004F22B /* LoginView.swift */ = {isa = PBXFileReference; lastKnownFileType = sourcecode.swift; path = LoginView.swift; sourceTree = "<group>"; };
		4664257D2C63AD7E0004F22B /* Extensions.swift */ = {isa = PBXFileReference; lastKnownFileType = sourcecode.swift; path = Extensions.swift; sourceTree = "<group>"; };
		4664257F2C64BC1F0004F22B /* SignUpView.swift */ = {isa = PBXFileReference; lastKnownFileType = sourcecode.swift; path = SignUpView.swift; sourceTree = "<group>"; };
		466425822C6512370004F22B /* InboxView.swift */ = {isa = PBXFileReference; lastKnownFileType = sourcecode.swift; path = InboxView.swift; sourceTree = "<group>"; };
		466425852C6515B30004F22B /* ActiveNowView.swift */ = {isa = PBXFileReference; lastKnownFileType = sourcecode.swift; path = ActiveNowView.swift; sourceTree = "<group>"; };
		466425872C6522530004F22B /* InboxRowView.swift */ = {isa = PBXFileReference; lastKnownFileType = sourcecode.swift; path = InboxRowView.swift; sourceTree = "<group>"; };
		4664258A2C6631DF0004F22B /* NewMessageView.swift */ = {isa = PBXFileReference; lastKnownFileType = sourcecode.swift; path = NewMessageView.swift; sourceTree = "<group>"; };
		4664258F2C665CE70004F22B /* ProfileView.swift */ = {isa = PBXFileReference; lastKnownFileType = sourcecode.swift; path = ProfileView.swift; sourceTree = "<group>"; };
		466425912C6669490004F22B /* SettingsOptionsViewModel.swift */ = {isa = PBXFileReference; lastKnownFileType = sourcecode.swift; path = SettingsOptionsViewModel.swift; sourceTree = "<group>"; };
		46BF66D32C6BE5C8009FF665 /* LoginViewModel.swift */ = {isa = PBXFileReference; lastKnownFileType = sourcecode.swift; path = LoginViewModel.swift; sourceTree = "<group>"; };
		46BF66D52C6BE633009FF665 /* RegisrationViewModel.swift */ = {isa = PBXFileReference; lastKnownFileType = sourcecode.swift; path = RegisrationViewModel.swift; sourceTree = "<group>"; };
		46BF66D72C6BE656009FF665 /* AuthService.swift */ = {isa = PBXFileReference; lastKnownFileType = sourcecode.swift; path = AuthService.swift; sourceTree = "<group>"; };
		46BF66DB2C6CD4CE009FF665 /* ContentViewModel.swift */ = {isa = PBXFileReference; lastKnownFileType = sourcecode.swift; path = ContentViewModel.swift; sourceTree = "<group>"; };
		46BF716D2C6E27FC007E3A34 /* UserService.swift */ = {isa = PBXFileReference; lastKnownFileType = sourcecode.swift; path = UserService.swift; sourceTree = "<group>"; };
		46BF71712C6E373D007E3A34 /* InboxViewModel.swift */ = {isa = PBXFileReference; lastKnownFileType = sourcecode.swift; path = InboxViewModel.swift; sourceTree = "<group>"; };
		46BF71752C6E591E007E3A34 /* NewMessageViewModel.swift */ = {isa = PBXFileReference; lastKnownFileType = sourcecode.swift; path = NewMessageViewModel.swift; sourceTree = "<group>"; };
/* End PBXFileReference section */

/* Begin PBXFrameworksBuildPhase section */
		4664255F2C6379830004F22B /* Frameworks */ = {
			isa = PBXFrameworksBuildPhase;
			buildActionMask = 2147483647;
			files = (
				46BF66CC2C6BE2CF009FF665 /* FirebaseAuth in Frameworks */,
				46BF66CE2C6BE2CF009FF665 /* FirebaseFirestore in Frameworks */,
				46BF66D02C6BE2CF009FF665 /* FirebaseStorage in Frameworks */,
			);
			runOnlyForDeploymentPostprocessing = 0;
		};
/* End PBXFrameworksBuildPhase section */

/* Begin PBXGroup section */
		462B7A882C78DADE003514FE /* ViewModel */ = {
			isa = PBXGroup;
			children = (
				462B7A8A2C78DB7B003514FE /* ActiveNowViewModel.swift */,
			);
			path = ViewModel;
			sourceTree = "<group>";
		};
		462B7A892C78DAF8003514FE /* View */ = {
			isa = PBXGroup;
			children = (
				466425852C6515B30004F22B /* ActiveNowView.swift */,
			);
			path = View;
			sourceTree = "<group>";
		};
		462B7A8C2C78EFB0003514FE /* Routing */ = {
			isa = PBXGroup;
			children = (
				462B7A8D2C78EFD8003514FE /* Route.swift */,
			);
			path = Routing;
			sourceTree = "<group>";
		};
		464AE47B2C74CDBF007C9E19 /* View */ = {
			isa = PBXGroup;
			children = (
				465F352C2C6B53C4000450CD /* ChatView.swift */,
				465F352E2C6B93FC000450CD /* ChatMessageCell.swift */,
				465F35302C6B9EE7000450CD /* MessageBubble.swift */,
			);
			path = View;
			sourceTree = "<group>";
		};
		464AE47C2C74CDC7007C9E19 /* ViewModel */ = {
			isa = PBXGroup;
			children = (
				464AE47D2C74CDFC007C9E19 /* ChatViewModel.swift */,
			);
			path = ViewModel;
			sourceTree = "<group>";
		};
		464AE47F2C75FF94007C9E19 /* Service */ = {
			isa = PBXGroup;
			children = (
				464AE4802C75FFA4007C9E19 /* ChatService.swift */,
			);
			path = Service;
			sourceTree = "<group>";
		};
		464AE4822C760448007C9E19 /* Utils */ = {
			isa = PBXGroup;
			children = (
				464AE4832C760467007C9E19 /* Constants.swift */,
			);
			path = Utils;
			sourceTree = "<group>";
		};
		464AE4852C773685007C9E19 /* Service */ = {
			isa = PBXGroup;
			children = (
				464AE4862C77369A007C9E19 /* InboxService.swift */,
			);
			path = Service;
			sourceTree = "<group>";
		};
		465F35262C6A4A7B000450CD /* Components */ = {
			isa = PBXGroup;
			children = (
				465F35292C6A4F7C000450CD /* CircularProfileImageView.swift */,
			);
			path = Components;
			sourceTree = "<group>";
		};
		465F352B2C6B53B3000450CD /* Chat */ = {
			isa = PBXGroup;
			children = (
				464AE47F2C75FF94007C9E19 /* Service */,
				464AE47B2C74CDBF007C9E19 /* View */,
				464AE47C2C74CDC7007C9E19 /* ViewModel */,
			);
			path = Chat;
			sourceTree = "<group>";
		};
		466425592C6379830004F22B = {
			isa = PBXGroup;
			children = (
				466425642C6379830004F22B /* MessangerSwiftUI */,
				466425632C6379830004F22B /* Products */,
			);
			sourceTree = "<group>";
		};
		466425632C6379830004F22B /* Products */ = {
			isa = PBXGroup;
			children = (
				466425622C6379830004F22B /* MessangerSwiftUI.app */,
			);
			name = Products;
			sourceTree = "<group>";
		};
		466425642C6379830004F22B /* MessangerSwiftUI */ = {
			isa = PBXGroup;
			children = (
				466425772C6379C50004F22B /* App */,
				466425762C6379C40004F22B /* Core */,
				466425732C6379BC0004F22B /* Extensions */,
				466425752C6379C20004F22B /* Model */,
				462B7A8C2C78EFB0003514FE /* Routing */,
				466425742C6379C00004F22B /* Service */,
				464AE4822C760448007C9E19 /* Utils */,
				465F35322C6BE0C9000450CD /* GoogleService-Info.plist */,
				466425692C6379840004F22B /* Assets.xcassets */,
				4664256B2C6379840004F22B /* Preview Content */,
			);
			path = MessangerSwiftUI;
			sourceTree = "<group>";
		};
		4664256B2C6379840004F22B /* Preview Content */ = {
			isa = PBXGroup;
			children = (
				4664256C2C6379840004F22B /* Preview Assets.xcassets */,
			);
			path = "Preview Content";
			sourceTree = "<group>";
		};
		466425732C6379BC0004F22B /* Extensions */ = {
			isa = PBXGroup;
			children = (
				4664257D2C63AD7E0004F22B /* Extensions.swift */,
				462B7A862C78C081003514FE /* Date.swift */,
			);
			path = Extensions;
			sourceTree = "<group>";
		};
		466425742C6379C00004F22B /* Service */ = {
			isa = PBXGroup;
			children = (
				46BF716D2C6E27FC007E3A34 /* UserService.swift */,
				464AE4792C74BB51007C9E19 /* MessageService.swift */,
			);
			path = Service;
			sourceTree = "<group>";
		};
		466425752C6379C20004F22B /* Model */ = {
			isa = PBXGroup;
			children = (
				465F35242C6A2114000450CD /* User.swift */,
				464AE4772C74B3D0007C9E19 /* Message.swift */,
			);
			path = Model;
			sourceTree = "<group>";
		};
		466425762C6379C40004F22B /* Core */ = {
			isa = PBXGroup;
			children = (
				466425842C65159C0004F22B /* ActiveNow */,
				466425782C637A2E0004F22B /* Authenication */,
				465F352B2C6B53B3000450CD /* Chat */,
				465F35262C6A4A7B000450CD /* Components */,
				466425812C6511FC0004F22B /* Inbox */,
				466425892C6631B90004F22B /* NewMessage */,
				4664258C2C665C960004F22B /* Profile */,
				466425792C637A390004F22B /* Root */,
			);
			path = Core;
			sourceTree = "<group>";
		};
		466425772C6379C50004F22B /* App */ = {
			isa = PBXGroup;
			children = (
				466425652C6379830004F22B /* MessangerSwiftUIApp.swift */,
			);
			path = App;
			sourceTree = "<group>";
		};
		466425782C637A2E0004F22B /* Authenication */ = {
			isa = PBXGroup;
			children = (
				46BF66D12C6BE56C009FF665 /* Service */,
				4664257A2C637A6E0004F22B /* View */,
				46BF66D22C6BE572009FF665 /* ViewModel */,
			);
			path = Authenication;
			sourceTree = "<group>";
		};
		466425792C637A390004F22B /* Root */ = {
			isa = PBXGroup;
			children = (
				46BF66D92C6CD482009FF665 /* View */,
				46BF66DA2C6CD487009FF665 /* ViewModel */,
			);
			path = Root;
			sourceTree = "<group>";
		};
		4664257A2C637A6E0004F22B /* View */ = {
			isa = PBXGroup;
			children = (
				4664257B2C637A7C0004F22B /* LoginView.swift */,
				4664257F2C64BC1F0004F22B /* SignUpView.swift */,
			);
			path = View;
			sourceTree = "<group>";
		};
		466425812C6511FC0004F22B /* Inbox */ = {
			isa = PBXGroup;
			children = (
				464AE4852C773685007C9E19 /* Service */,
				46BF71702C6E371D007E3A34 /* View */,
				46BF716F2C6E370B007E3A34 /* ViewModel */,
			);
			path = Inbox;
			sourceTree = "<group>";
		};
		466425842C65159C0004F22B /* ActiveNow */ = {
			isa = PBXGroup;
			children = (
				462B7A892C78DAF8003514FE /* View */,
				462B7A882C78DADE003514FE /* ViewModel */,
			);
			path = ActiveNow;
			sourceTree = "<group>";
		};
		466425892C6631B90004F22B /* NewMessage */ = {
			isa = PBXGroup;
			children = (
				46BF71742C6E58FD007E3A34 /* View */,
				46BF71732C6E58ED007E3A34 /* ViewModel */,
			);
			path = NewMessage;
			sourceTree = "<group>";
		};
		4664258C2C665C960004F22B /* Profile */ = {
			isa = PBXGroup;
			children = (
				4664258D2C665CA90004F22B /* View */,
				4664258E2C665CCC0004F22B /* ViewModel */,
			);
			path = Profile;
			sourceTree = "<group>";
		};
		4664258D2C665CA90004F22B /* View */ = {
			isa = PBXGroup;
			children = (
				4664258F2C665CE70004F22B /* ProfileView.swift */,
			);
			path = View;
			sourceTree = "<group>";
		};
		4664258E2C665CCC0004F22B /* ViewModel */ = {
			isa = PBXGroup;
			children = (
				465F35222C6A0A88000450CD /* ProfileViewModel.swift */,
				466425912C6669490004F22B /* SettingsOptionsViewModel.swift */,
			);
			path = ViewModel;
			sourceTree = "<group>";
		};
		46BF66D12C6BE56C009FF665 /* Service */ = {
			isa = PBXGroup;
			children = (
				46BF66D72C6BE656009FF665 /* AuthService.swift */,
			);
			path = Service;
			sourceTree = "<group>";
		};
		46BF66D22C6BE572009FF665 /* ViewModel */ = {
			isa = PBXGroup;
			children = (
				46BF66D32C6BE5C8009FF665 /* LoginViewModel.swift */,
				46BF66D52C6BE633009FF665 /* RegisrationViewModel.swift */,
			);
			path = ViewModel;
			sourceTree = "<group>";
		};
		46BF66D92C6CD482009FF665 /* View */ = {
			isa = PBXGroup;
			children = (
				466425672C6379830004F22B /* ContentView.swift */,
			);
			path = View;
			sourceTree = "<group>";
		};
		46BF66DA2C6CD487009FF665 /* ViewModel */ = {
			isa = PBXGroup;
			children = (
				46BF66DB2C6CD4CE009FF665 /* ContentViewModel.swift */,
			);
			path = ViewModel;
			sourceTree = "<group>";
		};
		46BF716F2C6E370B007E3A34 /* ViewModel */ = {
			isa = PBXGroup;
			children = (
				46BF71712C6E373D007E3A34 /* InboxViewModel.swift */,
			);
			path = ViewModel;
			sourceTree = "<group>";
		};
		46BF71702C6E371D007E3A34 /* View */ = {
			isa = PBXGroup;
			children = (
				466425822C6512370004F22B /* InboxView.swift */,
				466425872C6522530004F22B /* InboxRowView.swift */,
			);
			path = View;
			sourceTree = "<group>";
		};
		46BF71732C6E58ED007E3A34 /* ViewModel */ = {
			isa = PBXGroup;
			children = (
				46BF71752C6E591E007E3A34 /* NewMessageViewModel.swift */,
			);
			path = ViewModel;
			sourceTree = "<group>";
		};
		46BF71742C6E58FD007E3A34 /* View */ = {
			isa = PBXGroup;
			children = (
				4664258A2C6631DF0004F22B /* NewMessageView.swift */,
			);
			path = View;
			sourceTree = "<group>";
		};
/* End PBXGroup section */

/* Begin PBXNativeTarget section */
		466425612C6379830004F22B /* MessangerSwiftUI */ = {
			isa = PBXNativeTarget;
			buildConfigurationList = 466425702C6379840004F22B /* Build configuration list for PBXNativeTarget "MessangerSwiftUI" */;
			buildPhases = (
				4664255E2C6379830004F22B /* Sources */,
				4664255F2C6379830004F22B /* Frameworks */,
				466425602C6379830004F22B /* Resources */,
			);
			buildRules = (
			);
			dependencies = (
			);
			name = MessangerSwiftUI;
			packageProductDependencies = (
				46BF66CB2C6BE2CF009FF665 /* FirebaseAuth */,
				46BF66CD2C6BE2CF009FF665 /* FirebaseFirestore */,
				46BF66CF2C6BE2CF009FF665 /* FirebaseStorage */,
			);
			productName = MessangerSwiftUI;
			productReference = 466425622C6379830004F22B /* MessangerSwiftUI.app */;
			productType = "com.apple.product-type.application";
		};
/* End PBXNativeTarget section */

/* Begin PBXProject section */
		4664255A2C6379830004F22B /* Project object */ = {
			isa = PBXProject;
			attributes = {
				BuildIndependentTargetsInParallel = 1;
				LastSwiftUpdateCheck = 1540;
				LastUpgradeCheck = 1540;
				TargetAttributes = {
					466425612C6379830004F22B = {
						CreatedOnToolsVersion = 15.4;
					};
				};
			};
			buildConfigurationList = 4664255D2C6379830004F22B /* Build configuration list for PBXProject "MessangerSwiftUI" */;
			compatibilityVersion = "Xcode 14.0";
			developmentRegion = en;
			hasScannedForEncodings = 0;
			knownRegions = (
				en,
				Base,
			);
			mainGroup = 466425592C6379830004F22B;
			packageReferences = (
				46BF66CA2C6BE2CF009FF665 /* XCRemoteSwiftPackageReference "firebase-ios-sdk" */,
			);
			productRefGroup = 466425632C6379830004F22B /* Products */;
			projectDirPath = "";
			projectRoot = "";
			targets = (
				466425612C6379830004F22B /* MessangerSwiftUI */,
			);
		};
/* End PBXProject section */

/* Begin PBXResourcesBuildPhase section */
		466425602C6379830004F22B /* Resources */ = {
			isa = PBXResourcesBuildPhase;
			buildActionMask = 2147483647;
			files = (
				4664256D2C6379840004F22B /* Preview Assets.xcassets in Resources */,
				4664256A2C6379840004F22B /* Assets.xcassets in Resources */,
				465F35332C6BE0C9000450CD /* GoogleService-Info.plist in Resources */,
			);
			runOnlyForDeploymentPostprocessing = 0;
		};
/* End PBXResourcesBuildPhase section */

/* Begin PBXSourcesBuildPhase section */
		4664255E2C6379830004F22B /* Sources */ = {
			isa = PBXSourcesBuildPhase;
			buildActionMask = 2147483647;
			files = (
				464AE4872C77369A007C9E19 /* InboxService.swift in Sources */,
				465F35252C6A2114000450CD /* User.swift in Sources */,
				464AE47A2C74BB52007C9E19 /* MessageService.swift in Sources */,
				4664258B2C6631DF0004F22B /* NewMessageView.swift in Sources */,
				4664257C2C637A7C0004F22B /* LoginView.swift in Sources */,
				466425902C665CE70004F22B /* ProfileView.swift in Sources */,
				464AE4842C760467007C9E19 /* Constants.swift in Sources */,
				466425882C6522530004F22B /* InboxRowView.swift in Sources */,
				465F352F2C6B93FC000450CD /* ChatMessageCell.swift in Sources */,
				464AE47E2C74CDFC007C9E19 /* ChatViewModel.swift in Sources */,
				46BF716E2C6E27FC007E3A34 /* UserService.swift in Sources */,
				464AE4812C75FFA4007C9E19 /* ChatService.swift in Sources */,
				464AE4782C74B3D0007C9E19 /* Message.swift in Sources */,
				466425862C6515B30004F22B /* ActiveNowView.swift in Sources */,
				46BF66D82C6BE656009FF665 /* AuthService.swift in Sources */,
				462B7A8B2C78DB7B003514FE /* ActiveNowViewModel.swift in Sources */,
				466425832C6512370004F22B /* InboxView.swift in Sources */,
				46BF66D42C6BE5C8009FF665 /* LoginViewModel.swift in Sources */,
				465F352D2C6B53C4000450CD /* ChatView.swift in Sources */,
				46BF66D62C6BE633009FF665 /* RegisrationViewModel.swift in Sources */,
				465F352A2C6A4F7C000450CD /* CircularProfileImageView.swift in Sources */,
				46BF71722C6E373D007E3A34 /* InboxViewModel.swift in Sources */,
				46BF71762C6E591E007E3A34 /* NewMessageViewModel.swift in Sources */,
				465F35312C6B9EE7000450CD /* MessageBubble.swift in Sources */,
				462B7A8E2C78EFD8003514FE /* Route.swift in Sources */,
				465F35232C6A0A88000450CD /* ProfileViewModel.swift in Sources */,
				466425802C64BC1F0004F22B /* SignUpView.swift in Sources */,
				466425682C6379830004F22B /* ContentView.swift in Sources */,
				46BF66DC2C6CD4CE009FF665 /* ContentViewModel.swift in Sources */,
				462B7A872C78C081003514FE /* Date.swift in Sources */,
				466425662C6379830004F22B /* MessangerSwiftUIApp.swift in Sources */,
				466425922C6669490004F22B /* SettingsOptionsViewModel.swift in Sources */,
				4664257E2C63AD7E0004F22B /* Extensions.swift in Sources */,
			);
			runOnlyForDeploymentPostprocessing = 0;
		};
/* End PBXSourcesBuildPhase section */

/* Begin XCBuildConfiguration section */
		4664256E2C6379840004F22B /* Debug */ = {
			isa = XCBuildConfiguration;
			buildSettings = {
				ALWAYS_SEARCH_USER_PATHS = NO;
				ASSETCATALOG_COMPILER_GENERATE_SWIFT_ASSET_SYMBOL_EXTENSIONS = YES;
				CLANG_ANALYZER_NONNULL = YES;
				CLANG_ANALYZER_NUMBER_OBJECT_CONVERSION = YES_AGGRESSIVE;
				CLANG_CXX_LANGUAGE_STANDARD = "gnu++20";
				CLANG_ENABLE_MODULES = YES;
				CLANG_ENABLE_OBJC_ARC = YES;
				CLANG_ENABLE_OBJC_WEAK = YES;
				CLANG_WARN_BLOCK_CAPTURE_AUTORELEASING = YES;
				CLANG_WARN_BOOL_CONVERSION = YES;
				CLANG_WARN_COMMA = YES;
				CLANG_WARN_CONSTANT_CONVERSION = YES;
				CLANG_WARN_DEPRECATED_OBJC_IMPLEMENTATIONS = YES;
				CLANG_WARN_DIRECT_OBJC_ISA_USAGE = YES_ERROR;
				CLANG_WARN_DOCUMENTATION_COMMENTS = YES;
				CLANG_WARN_EMPTY_BODY = YES;
				CLANG_WARN_ENUM_CONVERSION = YES;
				CLANG_WARN_INFINITE_RECURSION = YES;
				CLANG_WARN_INT_CONVERSION = YES;
				CLANG_WARN_NON_LITERAL_NULL_CONVERSION = YES;
				CLANG_WARN_OBJC_IMPLICIT_RETAIN_SELF = YES;
				CLANG_WARN_OBJC_LITERAL_CONVERSION = YES;
				CLANG_WARN_OBJC_ROOT_CLASS = YES_ERROR;
				CLANG_WARN_QUOTED_INCLUDE_IN_FRAMEWORK_HEADER = YES;
				CLANG_WARN_RANGE_LOOP_ANALYSIS = YES;
				CLANG_WARN_STRICT_PROTOTYPES = YES;
				CLANG_WARN_SUSPICIOUS_MOVE = YES;
				CLANG_WARN_UNGUARDED_AVAILABILITY = YES_AGGRESSIVE;
				CLANG_WARN_UNREACHABLE_CODE = YES;
				CLANG_WARN__DUPLICATE_METHOD_MATCH = YES;
				COPY_PHASE_STRIP = NO;
				DEBUG_INFORMATION_FORMAT = dwarf;
				ENABLE_STRICT_OBJC_MSGSEND = YES;
				ENABLE_TESTABILITY = YES;
				ENABLE_USER_SCRIPT_SANDBOXING = YES;
				GCC_C_LANGUAGE_STANDARD = gnu17;
				GCC_DYNAMIC_NO_PIC = NO;
				GCC_NO_COMMON_BLOCKS = YES;
				GCC_OPTIMIZATION_LEVEL = 0;
				GCC_PREPROCESSOR_DEFINITIONS = (
					"DEBUG=1",
					"$(inherited)",
				);
				GCC_WARN_64_TO_32_BIT_CONVERSION = YES;
				GCC_WARN_ABOUT_RETURN_TYPE = YES_ERROR;
				GCC_WARN_UNDECLARED_SELECTOR = YES;
				GCC_WARN_UNINITIALIZED_AUTOS = YES_AGGRESSIVE;
				GCC_WARN_UNUSED_FUNCTION = YES;
				GCC_WARN_UNUSED_VARIABLE = YES;
				IPHONEOS_DEPLOYMENT_TARGET = 17.0;
				LOCALIZATION_PREFERS_STRING_CATALOGS = YES;
				MTL_ENABLE_DEBUG_INFO = INCLUDE_SOURCE;
				MTL_FAST_MATH = YES;
				ONLY_ACTIVE_ARCH = YES;
				SDKROOT = iphoneos;
				SWIFT_ACTIVE_COMPILATION_CONDITIONS = "DEBUG $(inherited)";
				SWIFT_OPTIMIZATION_LEVEL = "-Onone";
			};
			name = Debug;
		};
		4664256F2C6379840004F22B /* Release */ = {
			isa = XCBuildConfiguration;
			buildSettings = {
				ALWAYS_SEARCH_USER_PATHS = NO;
				ASSETCATALOG_COMPILER_GENERATE_SWIFT_ASSET_SYMBOL_EXTENSIONS = YES;
				CLANG_ANALYZER_NONNULL = YES;
				CLANG_ANALYZER_NUMBER_OBJECT_CONVERSION = YES_AGGRESSIVE;
				CLANG_CXX_LANGUAGE_STANDARD = "gnu++20";
				CLANG_ENABLE_MODULES = YES;
				CLANG_ENABLE_OBJC_ARC = YES;
				CLANG_ENABLE_OBJC_WEAK = YES;
				CLANG_WARN_BLOCK_CAPTURE_AUTORELEASING = YES;
				CLANG_WARN_BOOL_CONVERSION = YES;
				CLANG_WARN_COMMA = YES;
				CLANG_WARN_CONSTANT_CONVERSION = YES;
				CLANG_WARN_DEPRECATED_OBJC_IMPLEMENTATIONS = YES;
				CLANG_WARN_DIRECT_OBJC_ISA_USAGE = YES_ERROR;
				CLANG_WARN_DOCUMENTATION_COMMENTS = YES;
				CLANG_WARN_EMPTY_BODY = YES;
				CLANG_WARN_ENUM_CONVERSION = YES;
				CLANG_WARN_INFINITE_RECURSION = YES;
				CLANG_WARN_INT_CONVERSION = YES;
				CLANG_WARN_NON_LITERAL_NULL_CONVERSION = YES;
				CLANG_WARN_OBJC_IMPLICIT_RETAIN_SELF = YES;
				CLANG_WARN_OBJC_LITERAL_CONVERSION = YES;
				CLANG_WARN_OBJC_ROOT_CLASS = YES_ERROR;
				CLANG_WARN_QUOTED_INCLUDE_IN_FRAMEWORK_HEADER = YES;
				CLANG_WARN_RANGE_LOOP_ANALYSIS = YES;
				CLANG_WARN_STRICT_PROTOTYPES = YES;
				CLANG_WARN_SUSPICIOUS_MOVE = YES;
				CLANG_WARN_UNGUARDED_AVAILABILITY = YES_AGGRESSIVE;
				CLANG_WARN_UNREACHABLE_CODE = YES;
				CLANG_WARN__DUPLICATE_METHOD_MATCH = YES;
				COPY_PHASE_STRIP = NO;
				DEBUG_INFORMATION_FORMAT = "dwarf-with-dsym";
				ENABLE_NS_ASSERTIONS = NO;
				ENABLE_STRICT_OBJC_MSGSEND = YES;
				ENABLE_USER_SCRIPT_SANDBOXING = YES;
				GCC_C_LANGUAGE_STANDARD = gnu17;
				GCC_NO_COMMON_BLOCKS = YES;
				GCC_WARN_64_TO_32_BIT_CONVERSION = YES;
				GCC_WARN_ABOUT_RETURN_TYPE = YES_ERROR;
				GCC_WARN_UNDECLARED_SELECTOR = YES;
				GCC_WARN_UNINITIALIZED_AUTOS = YES_AGGRESSIVE;
				GCC_WARN_UNUSED_FUNCTION = YES;
				GCC_WARN_UNUSED_VARIABLE = YES;
				IPHONEOS_DEPLOYMENT_TARGET = 17.0;
				LOCALIZATION_PREFERS_STRING_CATALOGS = YES;
				MTL_ENABLE_DEBUG_INFO = NO;
				MTL_FAST_MATH = YES;
				SDKROOT = iphoneos;
				SWIFT_COMPILATION_MODE = wholemodule;
				VALIDATE_PRODUCT = YES;
			};
			name = Release;
		};
		466425712C6379840004F22B /* Debug */ = {
			isa = XCBuildConfiguration;
			buildSettings = {
				ASSETCATALOG_COMPILER_APPICON_NAME = AppIcon;
				ASSETCATALOG_COMPILER_GLOBAL_ACCENT_COLOR_NAME = AccentColor;
				CODE_SIGN_STYLE = Automatic;
				CURRENT_PROJECT_VERSION = 1;
				DEVELOPMENT_ASSET_PATHS = "\"MessangerSwiftUI/Preview Content\"";
				DEVELOPMENT_TEAM = 9784SN2A4D;
				ENABLE_PREVIEWS = YES;
				GENERATE_INFOPLIST_FILE = YES;
				INFOPLIST_KEY_UIApplicationSceneManifest_Generation = YES;
				INFOPLIST_KEY_UIApplicationSupportsIndirectInputEvents = YES;
				INFOPLIST_KEY_UILaunchScreen_Generation = YES;
				INFOPLIST_KEY_UIStatusBarStyle = UIStatusBarStyleLightContent;
				INFOPLIST_KEY_UISupportedInterfaceOrientations = UIInterfaceOrientationPortrait;
				IPHONEOS_DEPLOYMENT_TARGET = 17.0;
				LD_RUNPATH_SEARCH_PATHS = (
					"$(inherited)",
					"@executable_path/Frameworks",
				);
				MARKETING_VERSION = 1.0;
				PRODUCT_BUNDLE_IDENTIFIER = whitechocolate.MessangerSwiftUI;
				PRODUCT_NAME = "$(TARGET_NAME)";
				SWIFT_EMIT_LOC_STRINGS = YES;
				SWIFT_VERSION = 5.0;
				TARGETED_DEVICE_FAMILY = "1,2";
			};
			name = Debug;
		};
		466425722C6379840004F22B /* Release */ = {
			isa = XCBuildConfiguration;
			buildSettings = {
				ASSETCATALOG_COMPILER_APPICON_NAME = AppIcon;
				ASSETCATALOG_COMPILER_GLOBAL_ACCENT_COLOR_NAME = AccentColor;
				CODE_SIGN_STYLE = Automatic;
				CURRENT_PROJECT_VERSION = 1;
				DEVELOPMENT_ASSET_PATHS = "\"MessangerSwiftUI/Preview Content\"";
				DEVELOPMENT_TEAM = 9784SN2A4D;
				ENABLE_PREVIEWS = YES;
				GENERATE_INFOPLIST_FILE = YES;
				INFOPLIST_KEY_UIApplicationSceneManifest_Generation = YES;
				INFOPLIST_KEY_UIApplicationSupportsIndirectInputEvents = YES;
				INFOPLIST_KEY_UILaunchScreen_Generation = YES;
				INFOPLIST_KEY_UIStatusBarStyle = UIStatusBarStyleLightContent;
				INFOPLIST_KEY_UISupportedInterfaceOrientations = UIInterfaceOrientationPortrait;
				IPHONEOS_DEPLOYMENT_TARGET = 17.0;
				LD_RUNPATH_SEARCH_PATHS = (
					"$(inherited)",
					"@executable_path/Frameworks",
				);
				MARKETING_VERSION = 1.0;
				PRODUCT_BUNDLE_IDENTIFIER = whitechocolate.MessangerSwiftUI;
				PRODUCT_NAME = "$(TARGET_NAME)";
				SWIFT_EMIT_LOC_STRINGS = YES;
				SWIFT_VERSION = 5.0;
				TARGETED_DEVICE_FAMILY = "1,2";
			};
			name = Release;
		};
/* End XCBuildConfiguration section */

/* Begin XCConfigurationList section */
		4664255D2C6379830004F22B /* Build configuration list for PBXProject "MessangerSwiftUI" */ = {
			isa = XCConfigurationList;
			buildConfigurations = (
				4664256E2C6379840004F22B /* Debug */,
				4664256F2C6379840004F22B /* Release */,
			);
			defaultConfigurationIsVisible = 0;
			defaultConfigurationName = Release;
		};
		466425702C6379840004F22B /* Build configuration list for PBXNativeTarget "MessangerSwiftUI" */ = {
			isa = XCConfigurationList;
			buildConfigurations = (
				466425712C6379840004F22B /* Debug */,
				466425722C6379840004F22B /* Release */,
			);
			defaultConfigurationIsVisible = 0;
			defaultConfigurationName = Release;
		};
/* End XCConfigurationList section */

/* Begin XCRemoteSwiftPackageReference section */
		46BF66CA2C6BE2CF009FF665 /* XCRemoteSwiftPackageReference "firebase-ios-sdk" */ = {
			isa = XCRemoteSwiftPackageReference;
			repositoryURL = "https://github.com/firebase/firebase-ios-sdk.git";
			requirement = {
				kind = upToNextMajorVersion;
				minimumVersion = 11.0.0;
			};
		};
/* End XCRemoteSwiftPackageReference section */

/* Begin XCSwiftPackageProductDependency section */
		46BF66CB2C6BE2CF009FF665 /* FirebaseAuth */ = {
			isa = XCSwiftPackageProductDependency;
			package = 46BF66CA2C6BE2CF009FF665 /* XCRemoteSwiftPackageReference "firebase-ios-sdk" */;
			productName = FirebaseAuth;
		};
		46BF66CD2C6BE2CF009FF665 /* FirebaseFirestore */ = {
			isa = XCSwiftPackageProductDependency;
			package = 46BF66CA2C6BE2CF009FF665 /* XCRemoteSwiftPackageReference "firebase-ios-sdk" */;
			productName = FirebaseFirestore;
		};
		46BF66CF2C6BE2CF009FF665 /* FirebaseStorage */ = {
			isa = XCSwiftPackageProductDependency;
			package = 46BF66CA2C6BE2CF009FF665 /* XCRemoteSwiftPackageReference "firebase-ios-sdk" */;
			productName = FirebaseStorage;
		};
/* End XCSwiftPackageProductDependency section */
	};
	rootObject = 4664255A2C6379830004F22B /* Project object */;
}
