// !$*UTF8*$!
{
	archiveVersion = 1;
	classes = {
	};
	objectVersion = 56;
	objects = {

/* Begin PBXBuildFile section */
		466425662C6379830004F22B /* MessangerSwiftUIApp.swift in Sources */ = {isa = PBXBuildFile; fileRef = 466425652C6379830004F22B /* MessangerSwiftUIApp.swift */; };
		466425682C6379830004F22B /* ContentView.swift in Sources */ = {isa = PBXBuildFile; fileRef = 466425672C6379830004F22B /* ContentView.swift */; };
		4664256A2C6379840004F22B /* Assets.xcassets in Resources */ = {isa = PBXBuildFile; fileRef = 466425692C6379840004F22B /* Assets.xcassets */; };
		4664256D2C6379840004F22B /* Preview Assets.xcassets in Resources */ = {isa = PBXBuildFile; fileRef = 4664256C2C6379840004F22B /* Preview Assets.xcassets */; };
		4664257C2C637A7C0004F22B /* LoginView.swift in Sources */ = {isa = PBXBuildFile; fileRef = 4664257B2C637A7C0004F22B /* LoginView.swift */; };
		4664257E2C63AD7E0004F22B /* Extensions.swift in Sources */ = {isa = PBXBuildFile; fileRef = 4664257D2C63AD7E0004F22B /* Extensions.swift */; };
		466425802C64BC1F0004F22B /* SignUpView.swift in Sources */ = {isa = PBXBuildFile; fileRef = 4664257F2C64BC1F0004F22B /* SignUpView.swift */; };
		466425832C6512370004F22B /* InboxView.swift in Sources */ = {isa = PBXBuildFile; fileRef = 466425822C6512370004F22B /* InboxView.swift */; };
		466425862C6515B30004F22B /* ActiveNowView.swift in Sources */ = {isa = PBXBuildFile; fileRef = 466425852C6515B30004F22B /* ActiveNowView.swift */; };
		466425882C6522530004F22B /* InboxRow.swift in Sources */ = {isa = PBXBuildFile; fileRef = 466425872C6522530004F22B /* InboxRow.swift */; };
/* End PBXBuildFile section */

/* Begin PBXFileReference section */
		466425622C6379830004F22B /* MessangerSwiftUI.app */ = {isa = PBXFileReference; explicitFileType = wrapper.application; includeInIndex = 0; path = MessangerSwiftUI.app; sourceTree = BUILT_PRODUCTS_DIR; };
		466425652C6379830004F22B /* MessangerSwiftUIApp.swift */ = {isa = PBXFileReference; lastKnownFileType = sourcecode.swift; path = MessangerSwiftUIApp.swift; sourceTree = "<group>"; };
		466425672C6379830004F22B /* ContentView.swift */ = {isa = PBXFileReference; lastKnownFileType = sourcecode.swift; path = ContentView.swift; sourceTree = "<group>"; };
		466425692C6379840004F22B /* Assets.xcassets */ = {isa = PBXFileReference; lastKnownFileType = folder.assetcatalog; path = Assets.xcassets; sourceTree = "<group>"; };
		4664256C2C6379840004F22B /* Preview Assets.xcassets */ = {isa = PBXFileReference; lastKnownFileType = folder.assetcatalog; path = "Preview Assets.xcassets"; sourceTree = "<group>"; };
		4664257B2C637A7C0004F22B /* LoginView.swift */ = {isa = PBXFileReference; lastKnownFileType = sourcecode.swift; path = LoginView.swift; sourceTree = "<group>"; };
		4664257D2C63AD7E0004F22B /* Extensions.swift */ = {isa = PBXFileReference; lastKnownFileType = sourcecode.swift; path = Extensions.swift; sourceTree = "<group>"; };
		4664257F2C64BC1F0004F22B /* SignUpView.swift */ = {isa = PBXFileReference; lastKnownFileType = sourcecode.swift; path = SignUpView.swift; sourceTree = "<group>"; };
		466425822C6512370004F22B /* InboxView.swift */ = {isa = PBXFileReference; lastKnownFileType = sourcecode.swift; path = InboxView.swift; sourceTree = "<group>"; };
		466425852C6515B30004F22B /* ActiveNowView.swift */ = {isa = PBXFileReference; lastKnownFileType = sourcecode.swift; path = ActiveNowView.swift; sourceTree = "<group>"; };
		466425872C6522530004F22B /* InboxRow.swift */ = {isa = PBXFileReference; lastKnownFileType = sourcecode.swift; path = InboxRow.swift; sourceTree = "<group>"; };
/* End PBXFileReference section */

/* Begin PBXFrameworksBuildPhase section */
		4664255F2C6379830004F22B /* Frameworks */ = {
			isa = PBXFrameworksBuildPhase;
			buildActionMask = 2147483647;
			files = (
			);
			runOnlyForDeploymentPostprocessing = 0;
		};
/* End PBXFrameworksBuildPhase section */

/* Begin PBXGroup section */
		466425592C6379830004F22B = {
			isa = PBXGroup;
			children = (
				466425642C6379830004F22B /* MessangerSwiftUI */,
				466425632C6379830004F22B /* Products */,
			);
			sourceTree = "<group>";
		};
		466425632C6379830004F22B /* Products */ = {
			isa = PBXGroup;
			children = (
				466425622C6379830004F22B /* MessangerSwiftUI.app */,
			);
			name = Products;
			sourceTree = "<group>";
		};
		466425642C6379830004F22B /* MessangerSwiftUI */ = {
			isa = PBXGroup;
			children = (
				466425772C6379C50004F22B /* App */,
				466425762C6379C40004F22B /* Core */,
				466425732C6379BC0004F22B /* Extensions */,
				466425752C6379C20004F22B /* Model */,
				466425742C6379C00004F22B /* Service */,
				466425692C6379840004F22B /* Assets.xcassets */,
				4664256B2C6379840004F22B /* Preview Content */,
			);
			path = MessangerSwiftUI;
			sourceTree = "<group>";
		};
		4664256B2C6379840004F22B /* Preview Content */ = {
			isa = PBXGroup;
			children = (
				4664256C2C6379840004F22B /* Preview Assets.xcassets */,
			);
			path = "Preview Content";
			sourceTree = "<group>";
		};
		466425732C6379BC0004F22B /* Extensions */ = {
			isa = PBXGroup;
			children = (
				4664257D2C63AD7E0004F22B /* Extensions.swift */,
			);
			path = Extensions;
			sourceTree = "<group>";
		};
		466425742C6379C00004F22B /* Service */ = {
			isa = PBXGroup;
			children = (
			);
			path = Service;
			sourceTree = "<group>";
		};
		466425752C6379C20004F22B /* Model */ = {
			isa = PBXGroup;
			children = (
			);
			path = Model;
			sourceTree = "<group>";
		};
		466425762C6379C40004F22B /* Core */ = {
			isa = PBXGroup;
			children = (
				466425842C65159C0004F22B /* ActiveNow */,
				466425782C637A2E0004F22B /* Authenication */,
				466425812C6511FC0004F22B /* Inbox */,
				466425792C637A390004F22B /* Root */,
			);
			path = Core;
			sourceTree = "<group>";
		};
		466425772C6379C50004F22B /* App */ = {
			isa = PBXGroup;
			children = (
				466425652C6379830004F22B /* MessangerSwiftUIApp.swift */,
			);
			path = App;
			sourceTree = "<group>";
		};
		466425782C637A2E0004F22B /* Authenication */ = {
			isa = PBXGroup;
			children = (
				4664257A2C637A6E0004F22B /* View */,
			);
			path = Authenication;
			sourceTree = "<group>";
		};
		466425792C637A390004F22B /* Root */ = {
			isa = PBXGroup;
			children = (
				466425672C6379830004F22B /* ContentView.swift */,
			);
			path = Root;
			sourceTree = "<group>";
		};
		4664257A2C637A6E0004F22B /* View */ = {
			isa = PBXGroup;
			children = (
				4664257B2C637A7C0004F22B /* LoginView.swift */,
				4664257F2C64BC1F0004F22B /* SignUpView.swift */,
			);
			path = View;
			sourceTree = "<group>";
		};
		466425812C6511FC0004F22B /* Inbox */ = {
			isa = PBXGroup;
			children = (
				466425822C6512370004F22B /* InboxView.swift */,
				466425872C6522530004F22B /* InboxRow.swift */,
			);
			path = Inbox;
			sourceTree = "<group>";
		};
		466425842C65159C0004F22B /* ActiveNow */ = {
			isa = PBXGroup;
			children = (
				466425852C6515B30004F22B /* ActiveNowView.swift */,
			);
			path = ActiveNow;
			sourceTree = "<group>";
		};
/* End PBXGroup section */

/* Begin PBXNativeTarget section */
		466425612C6379830004F22B /* MessangerSwiftUI */ = {
			isa = PBXNativeTarget;
			buildConfigurationList = 466425702C6379840004F22B /* Build configuration list for PBXNativeTarget "MessangerSwiftUI" */;
			buildPhases = (
				4664255E2C6379830004F22B /* Sources */,
				4664255F2C6379830004F22B /* Frameworks */,
				466425602C6379830004F22B /* Resources */,
			);
			buildRules = (
			);
			dependencies = (
			);
			name = MessangerSwiftUI;
			productName = MessangerSwiftUI;
			productReference = 466425622C6379830004F22B /* MessangerSwiftUI.app */;
			productType = "com.apple.product-type.application";
		};
/* End PBXNativeTarget section */

/* Begin PBXProject section */
		4664255A2C6379830004F22B /* Project object */ = {
			isa = PBXProject;
			attributes = {
				BuildIndependentTargetsInParallel = 1;
				LastSwiftUpdateCheck = 1540;
				LastUpgradeCheck = 1540;
				TargetAttributes = {
					466425612C6379830004F22B = {
						CreatedOnToolsVersion = 15.4;
					};
				};
			};
			buildConfigurationList = 4664255D2C6379830004F22B /* Build configuration list for PBXProject "MessangerSwiftUI" */;
			compatibilityVersion = "Xcode 14.0";
			developmentRegion = en;
			hasScannedForEncodings = 0;
			knownRegions = (
				en,
				Base,
			);
			mainGroup = 466425592C6379830004F22B;
			productRefGroup = 466425632C6379830004F22B /* Products */;
			projectDirPath = "";
			projectRoot = "";
			targets = (
				466425612C6379830004F22B /* MessangerSwiftUI */,
			);
		};
/* End PBXProject section */

/* Begin PBXResourcesBuildPhase section */
		466425602C6379830004F22B /* Resources */ = {
			isa = PBXResourcesBuildPhase;
			buildActionMask = 2147483647;
			files = (
				4664256D2C6379840004F22B /* Preview Assets.xcassets in Resources */,
				4664256A2C6379840004F22B /* Assets.xcassets in Resources */,
			);
			runOnlyForDeploymentPostprocessing = 0;
		};
/* End PBXResourcesBuildPhase section */

/* Begin PBXSourcesBuildPhase section */
		4664255E2C6379830004F22B /* Sources */ = {
			isa = PBXSourcesBuildPhase;
			buildActionMask = 2147483647;
			files = (
				4664257C2C637A7C0004F22B /* LoginView.swift in Sources */,
				466425882C6522530004F22B /* InboxRow.swift in Sources */,
				466425862C6515B30004F22B /* ActiveNowView.swift in Sources */,
				466425832C6512370004F22B /* InboxView.swift in Sources */,
				466425802C64BC1F0004F22B /* SignUpView.swift in Sources */,
				466425682C6379830004F22B /* ContentView.swift in Sources */,
				466425662C6379830004F22B /* MessangerSwiftUIApp.swift in Sources */,
				4664257E2C63AD7E0004F22B /* Extensions.swift in Sources */,
			);
			runOnlyForDeploymentPostprocessing = 0;
		};
/* End PBXSourcesBuildPhase section */

/* Begin XCBuildConfiguration section */
		4664256E2C6379840004F22B /* Debug */ = {
			isa = XCBuildConfiguration;
			buildSettings = {
				ALWAYS_SEARCH_USER_PATHS = NO;
				ASSETCATALOG_COMPILER_GENERATE_SWIFT_ASSET_SYMBOL_EXTENSIONS = YES;
				CLANG_ANALYZER_NONNULL = YES;
				CLANG_ANALYZER_NUMBER_OBJECT_CONVERSION = YES_AGGRESSIVE;
				CLANG_CXX_LANGUAGE_STANDARD = "gnu++20";
				CLANG_ENABLE_MODULES = YES;
				CLANG_ENABLE_OBJC_ARC = YES;
				CLANG_ENABLE_OBJC_WEAK = YES;
				CLANG_WARN_BLOCK_CAPTURE_AUTORELEASING = YES;
				CLANG_WARN_BOOL_CONVERSION = YES;
				CLANG_WARN_COMMA = YES;
				CLANG_WARN_CONSTANT_CONVERSION = YES;
				CLANG_WARN_DEPRECATED_OBJC_IMPLEMENTATIONS = YES;
				CLANG_WARN_DIRECT_OBJC_ISA_USAGE = YES_ERROR;
				CLANG_WARN_DOCUMENTATION_COMMENTS = YES;
				CLANG_WARN_EMPTY_BODY = YES;
				CLANG_WARN_ENUM_CONVERSION = YES;
				CLANG_WARN_INFINITE_RECURSION = YES;
				CLANG_WARN_INT_CONVERSION = YES;
				CLANG_WARN_NON_LITERAL_NULL_CONVERSION = YES;
				CLANG_WARN_OBJC_IMPLICIT_RETAIN_SELF = YES;
				CLANG_WARN_OBJC_LITERAL_CONVERSION = YES;
				CLANG_WARN_OBJC_ROOT_CLASS = YES_ERROR;
				CLANG_WARN_QUOTED_INCLUDE_IN_FRAMEWORK_HEADER = YES;
				CLANG_WARN_RANGE_LOOP_ANALYSIS = YES;
				CLANG_WARN_STRICT_PROTOTYPES = YES;
				CLANG_WARN_SUSPICIOUS_MOVE = YES;
				CLANG_WARN_UNGUARDED_AVAILABILITY = YES_AGGRESSIVE;
				CLANG_WARN_UNREACHABLE_CODE = YES;
				CLANG_WARN__DUPLICATE_METHOD_MATCH = YES;
				COPY_PHASE_STRIP = NO;
				DEBUG_INFORMATION_FORMAT = dwarf;
				ENABLE_STRICT_OBJC_MSGSEND = YES;
				ENABLE_TESTABILITY = YES;
				ENABLE_USER_SCRIPT_SANDBOXING = YES;
				GCC_C_LANGUAGE_STANDARD = gnu17;
				GCC_DYNAMIC_NO_PIC = NO;
				GCC_NO_COMMON_BLOCKS = YES;
				GCC_OPTIMIZATION_LEVEL = 0;
				GCC_PREPROCESSOR_DEFINITIONS = (
					"DEBUG=1",
					"$(inherited)",
				);
				GCC_WARN_64_TO_32_BIT_CONVERSION = YES;
				GCC_WARN_ABOUT_RETURN_TYPE = YES_ERROR;
				GCC_WARN_UNDECLARED_SELECTOR = YES;
				GCC_WARN_UNINITIALIZED_AUTOS = YES_AGGRESSIVE;
				GCC_WARN_UNUSED_FUNCTION = YES;
				GCC_WARN_UNUSED_VARIABLE = YES;
				IPHONEOS_DEPLOYMENT_TARGET = 17.5;
				LOCALIZATION_PREFERS_STRING_CATALOGS = YES;
				MTL_ENABLE_DEBUG_INFO = INCLUDE_SOURCE;
				MTL_FAST_MATH = YES;
				ONLY_ACTIVE_ARCH = YES;
				SDKROOT = iphoneos;
				SWIFT_ACTIVE_COMPILATION_CONDITIONS = "DEBUG $(inherited)";
				SWIFT_OPTIMIZATION_LEVEL = "-Onone";
			};
			name = Debug;
		};
		4664256F2C6379840004F22B /* Release */ = {
			isa = XCBuildConfiguration;
			buildSettings = {
				ALWAYS_SEARCH_USER_PATHS = NO;
				ASSETCATALOG_COMPILER_GENERATE_SWIFT_ASSET_SYMBOL_EXTENSIONS = YES;
				CLANG_ANALYZER_NONNULL = YES;
				CLANG_ANALYZER_NUMBER_OBJECT_CONVERSION = YES_AGGRESSIVE;
				CLANG_CXX_LANGUAGE_STANDARD = "gnu++20";
				CLANG_ENABLE_MODULES = YES;
				CLANG_ENABLE_OBJC_ARC = YES;
				CLANG_ENABLE_OBJC_WEAK = YES;
				CLANG_WARN_BLOCK_CAPTURE_AUTORELEASING = YES;
				CLANG_WARN_BOOL_CONVERSION = YES;
				CLANG_WARN_COMMA = YES;
				CLANG_WARN_CONSTANT_CONVERSION = YES;
				CLANG_WARN_DEPRECATED_OBJC_IMPLEMENTATIONS = YES;
				CLANG_WARN_DIRECT_OBJC_ISA_USAGE = YES_ERROR;
				CLANG_WARN_DOCUMENTATION_COMMENTS = YES;
				CLANG_WARN_EMPTY_BODY = YES;
				CLANG_WARN_ENUM_CONVERSION = YES;
				CLANG_WARN_INFINITE_RECURSION = YES;
				CLANG_WARN_INT_CONVERSION = YES;
				CLANG_WARN_NON_LITERAL_NULL_CONVERSION = YES;
				CLANG_WARN_OBJC_IMPLICIT_RETAIN_SELF = YES;
				CLANG_WARN_OBJC_LITERAL_CONVERSION = YES;
				CLANG_WARN_OBJC_ROOT_CLASS = YES_ERROR;
				CLANG_WARN_QUOTED_INCLUDE_IN_FRAMEWORK_HEADER = YES;
				CLANG_WARN_RANGE_LOOP_ANALYSIS = YES;
				CLANG_WARN_STRICT_PROTOTYPES = YES;
				CLANG_WARN_SUSPICIOUS_MOVE = YES;
				CLANG_WARN_UNGUARDED_AVAILABILITY = YES_AGGRESSIVE;
				CLANG_WARN_UNREACHABLE_CODE = YES;
				CLANG_WARN__DUPLICATE_METHOD_MATCH = YES;
				COPY_PHASE_STRIP = NO;
				DEBUG_INFORMATION_FORMAT = "dwarf-with-dsym";
				ENABLE_NS_ASSERTIONS = NO;
				ENABLE_STRICT_OBJC_MSGSEND = YES;
				ENABLE_USER_SCRIPT_SANDBOXING = YES;
				GCC_C_LANGUAGE_STANDARD = gnu17;
				GCC_NO_COMMON_BLOCKS = YES;
				GCC_WARN_64_TO_32_BIT_CONVERSION = YES;
				GCC_WARN_ABOUT_RETURN_TYPE = YES_ERROR;
				GCC_WARN_UNDECLARED_SELECTOR = YES;
				GCC_WARN_UNINITIALIZED_AUTOS = YES_AGGRESSIVE;
				GCC_WARN_UNUSED_FUNCTION = YES;
				GCC_WARN_UNUSED_VARIABLE = YES;
				IPHONEOS_DEPLOYMENT_TARGET = 17.5;
				LOCALIZATION_PREFERS_STRING_CATALOGS = YES;
				MTL_ENABLE_DEBUG_INFO = NO;
				MTL_FAST_MATH = YES;
				SDKROOT = iphoneos;
				SWIFT_COMPILATION_MODE = wholemodule;
				VALIDATE_PRODUCT = YES;
			};
			name = Release;
		};
		466425712C6379840004F22B /* Debug */ = {
			isa = XCBuildConfiguration;
			buildSettings = {
				ASSETCATALOG_COMPILER_APPICON_NAME = AppIcon;
				ASSETCATALOG_COMPILER_GLOBAL_ACCENT_COLOR_NAME = AccentColor;
				CODE_SIGN_STYLE = Automatic;
				CURRENT_PROJECT_VERSION = 1;
				DEVELOPMENT_ASSET_PATHS = "\"MessangerSwiftUI/Preview Content\"";
				DEVELOPMENT_TEAM = 9784SN2A4D;
				ENABLE_PREVIEWS = YES;
				GENERATE_INFOPLIST_FILE = YES;
				INFOPLIST_KEY_UIApplicationSceneManifest_Generation = YES;
				INFOPLIST_KEY_UIApplicationSupportsIndirectInputEvents = YES;
				INFOPLIST_KEY_UILaunchScreen_Generation = YES;
				INFOPLIST_KEY_UISupportedInterfaceOrientations_iPad = "UIInterfaceOrientationPortrait UIInterfaceOrientationPortraitUpsideDown UIInterfaceOrientationLandscapeLeft UIInterfaceOrientationLandscapeRight";
				INFOPLIST_KEY_UISupportedInterfaceOrientations_iPhone = "UIInterfaceOrientationPortrait UIInterfaceOrientationLandscapeLeft UIInterfaceOrientationLandscapeRight";
				LD_RUNPATH_SEARCH_PATHS = (
					"$(inherited)",
					"@executable_path/Frameworks",
				);
				MARKETING_VERSION = 1.0;
				PRODUCT_BUNDLE_IDENTIFIER = whitechocolate.MessangerSwiftUI;
				PRODUCT_NAME = "$(TARGET_NAME)";
				SWIFT_EMIT_LOC_STRINGS = YES;
				SWIFT_VERSION = 5.0;
				TARGETED_DEVICE_FAMILY = "1,2";
			};
			name = Debug;
		};
		466425722C6379840004F22B /* Release */ = {
			isa = XCBuildConfiguration;
			buildSettings = {
				ASSETCATALOG_COMPILER_APPICON_NAME = AppIcon;
				ASSETCATALOG_COMPILER_GLOBAL_ACCENT_COLOR_NAME = AccentColor;
				CODE_SIGN_STYLE = Automatic;
				CURRENT_PROJECT_VERSION = 1;
				DEVELOPMENT_ASSET_PATHS = "\"MessangerSwiftUI/Preview Content\"";
				DEVELOPMENT_TEAM = 9784SN2A4D;
				ENABLE_PREVIEWS = YES;
				GENERATE_INFOPLIST_FILE = YES;
				INFOPLIST_KEY_UIApplicationSceneManifest_Generation = YES;
				INFOPLIST_KEY_UIApplicationSupportsIndirectInputEvents = YES;
				INFOPLIST_KEY_UILaunchScreen_Generation = YES;
				INFOPLIST_KEY_UISupportedInterfaceOrientations_iPad = "UIInterfaceOrientationPortrait UIInterfaceOrientationPortraitUpsideDown UIInterfaceOrientationLandscapeLeft UIInterfaceOrientationLandscapeRight";
				INFOPLIST_KEY_UISupportedInterfaceOrientations_iPhone = "UIInterfaceOrientationPortrait UIInterfaceOrientationLandscapeLeft UIInterfaceOrientationLandscapeRight";
				LD_RUNPATH_SEARCH_PATHS = (
					"$(inherited)",
					"@executable_path/Frameworks",
				);
				MARKETING_VERSION = 1.0;
				PRODUCT_BUNDLE_IDENTIFIER = whitechocolate.MessangerSwiftUI;
				PRODUCT_NAME = "$(TARGET_NAME)";
				SWIFT_EMIT_LOC_STRINGS = YES;
				SWIFT_VERSION = 5.0;
				TARGETED_DEVICE_FAMILY = "1,2";
			};
			name = Release;
		};
/* End XCBuildConfiguration section */

/* Begin XCConfigurationList section */
		4664255D2C6379830004F22B /* Build configuration list for PBXProject "MessangerSwiftUI" */ = {
			isa = XCConfigurationList;
			buildConfigurations = (
				4664256E2C6379840004F22B /* Debug */,
				4664256F2C6379840004F22B /* Release */,
			);
			defaultConfigurationIsVisible = 0;
			defaultConfigurationName = Release;
		};
		466425702C6379840004F22B /* Build configuration list for PBXNativeTarget "MessangerSwiftUI" */ = {
			isa = XCConfigurationList;
			buildConfigurations = (
				466425712C6379840004F22B /* Debug */,
				466425722C6379840004F22B /* Release */,
			);
			defaultConfigurationIsVisible = 0;
			defaultConfigurationName = Release;
		};
/* End XCConfigurationList section */
	};
	rootObject = 4664255A2C6379830004F22B /* Project object */;
}
